
Microsoft Visual Studio Solution File, Format Version 12.00
# Visual Studio Version 16
VisualStudioVersion = 16.0.30114.105
MinimumVisualStudioVersion = 10.0.40219.1
Project("{FAE04EC0-301F-11D3-BF4B-00C04F79EFBC}") = "Xamarin_Apress.Android", "Xamarin_Apress\Xamarin_Apress.Android\Xamarin_Apress.Android.csproj", "{50C19E47-A9A1-4802-AE6F-19A2FA1FFF42}"
EndProject
Project("{FAE04EC0-301F-11D3-BF4B-00C04F79EFBC}") = "Xamarin_Apress.iOS", "Xamarin_Apress\Xamarin_Apress.iOS\Xamarin_Apress.iOS.csproj", "{85743BD4-07B1-49DF-BC99-7D71A3D0720E}"
EndProject
Project("{FAE04EC0-301F-11D3-BF4B-00C04F79EFBC}") = "Xamarin_Apress", "Xamarin_Apress\Xamarin_Apress\Xamarin_Apress.csproj", "{64ACCAC6-ECE1-4043-B6A3-0DDB2074E849}"
EndProject
Global
	GlobalSection(SolutionConfigurationPlatforms) = preSolution
		Debug|Any CPU = Debug|Any CPU
		Debug|iPhone = Debug|iPhone
		Debug|iPhoneSimulator = Debug|iPhoneSimulator
		Release|Any CPU = Release|Any CPU
		Release|iPhone = Release|iPhone
		Release|iPhoneSimulator = Release|iPhoneSimulator
	EndGlobalSection
	GlobalSection(ProjectConfigurationPlatforms) = postSolution
		{50C19E47-A9A1-4802-AE6F-19A2FA1FFF42}.Debug|Any CPU.ActiveCfg = Debug|Any CPU
		{50C19E47-A9A1-4802-AE6F-19A2FA1FFF42}.Debug|Any CPU.Build.0 = Debug|Any CPU
		{50C19E47-A9A1-4802-AE6F-19A2FA1FFF42}.Debug|Any CPU.Deploy.0 = Debug|Any CPU
		{50C19E47-A9A1-4802-AE6F-19A2FA1FFF42}.Debug|iPhone.ActiveCfg = Debug|Any CPU
		{50C19E47-A9A1-4802-AE6F-19A2FA1FFF42}.Debug|iPhone.Build.0 = Debug|Any CPU
		{50C19E47-A9A1-4802-AE6F-19A2FA1FFF42}.Debug|iPhone.Deploy.0 = Debug|Any CPU
		{50C19E47-A9A1-4802-AE6F-19A2FA1FFF42}.Debug|iPhoneSimulator.ActiveCfg = Debug|Any CPU
		{50C19E47-A9A1-4802-AE6F-19A2FA1FFF42}.Debug|iPhoneSimulator.Build.0 = Debug|Any CPU
		{50C19E47-A9A1-4802-AE6F-19A2FA1FFF42}.Debug|iPhoneSimulator.Deploy.0 = Debug|Any CPU
		{50C19E47-A9A1-4802-AE6F-19A2FA1FFF42}.Release|Any CPU.ActiveCfg = Release|Any CPU
		{50C19E47-A9A1-4802-AE6F-19A2FA1FFF42}.Release|Any CPU.Build.0 = Release|Any CPU
		{50C19E47-A9A1-4802-AE6F-19A2FA1FFF42}.Release|Any CPU.Deploy.0 = Release|Any CPU
		{50C19E47-A9A1-4802-AE6F-19A2FA1FFF42}.Release|iPhone.ActiveCfg = Release|Any CPU
		{50C19E47-A9A1-4802-AE6F-19A2FA1FFF42}.Release|iPhone.Build.0 = Release|Any CPU
		{50C19E47-A9A1-4802-AE6F-19A2FA1FFF42}.Release|iPhone.Deploy.0 = Release|Any CPU
		{50C19E47-A9A1-4802-AE6F-19A2FA1FFF42}.Release|iPhoneSimulator.ActiveCfg = Release|Any CPU
		{50C19E47-A9A1-4802-AE6F-19A2FA1FFF42}.Release|iPhoneSimulator.Build.0 = Release|Any CPU
		{50C19E47-A9A1-4802-AE6F-19A2FA1FFF42}.Release|iPhoneSimulator.Deploy.0 = Release|Any CPU
		{85743BD4-07B1-49DF-BC99-7D71A3D0720E}.Debug|Any CPU.ActiveCfg = Debug|iPhone
		{85743BD4-07B1-49DF-BC99-7D71A3D0720E}.Debug|Any CPU.Build.0 = Debug|iPhone
		{85743BD4-07B1-49DF-BC99-7D71A3D0720E}.Debug|Any CPU.Deploy.0 = Debug|iPhone
		{85743BD4-07B1-49DF-BC99-7D71A3D0720E}.Debug|iPhone.ActiveCfg = Debug|iPhone
		{85743BD4-07B1-49DF-BC99-7D71A3D0720E}.Debug|iPhone.Build.0 = Debug|iPhone
		{85743BD4-07B1-49DF-BC99-7D71A3D0720E}.Debug|iPhone.Deploy.0 = Debug|iPhone
		{85743BD4-07B1-49DF-BC99-7D71A3D0720E}.Debug|iPhoneSimulator.ActiveCfg = Debug|iPhoneSimulator
		{85743BD4-07B1-49DF-BC99-7D71A3D0720E}.Debug|iPhoneSimulator.Build.0 = Debug|iPhoneSimulator
		{85743BD4-07B1-49DF-BC99-7D71A3D0720E}.Debug|iPhoneSimulator.Deploy.0 = Debug|iPhoneSimulator
		{85743BD4-07B1-49DF-BC99-7D71A3D0720E}.Release|Any CPU.ActiveCfg = Release|iPhone
		{85743BD4-07B1-49DF-BC99-7D71A3D0720E}.Release|Any CPU.Build.0 = Release|iPhone
		{85743BD4-07B1-49DF-BC99-7D71A3D0720E}.Release|Any CPU.Deploy.0 = Release|iPhone
		{85743BD4-07B1-49DF-BC99-7D71A3D0720E}.Release|iPhone.ActiveCfg = Release|iPhone
		{85743BD4-07B1-49DF-BC99-7D71A3D0720E}.Release|iPhone.Build.0 = Release|iPhone
		{85743BD4-07B1-49DF-BC99-7D71A3D0720E}.Release|iPhone.Deploy.0 = Release|iPhone
		{85743BD4-07B1-49DF-BC99-7D71A3D0720E}.Release|iPhoneSimulator.ActiveCfg = Release|iPhoneSimulator
		{85743BD4-07B1-49DF-BC99-7D71A3D0720E}.Release|iPhoneSimulator.Build.0 = Release|iPhoneSimulator
		{85743BD4-07B1-49DF-BC99-7D71A3D0720E}.Release|iPhoneSimulator.Deploy.0 = Release|iPhoneSimulator
		{64ACCAC6-ECE1-4043-B6A3-0DDB2074E849}.Debug|Any CPU.ActiveCfg = Debug|Any CPU
		{64ACCAC6-ECE1-4043-B6A3-0DDB2074E849}.Debug|Any CPU.Build.0 = Debug|Any CPU
		{64ACCAC6-ECE1-4043-B6A3-0DDB2074E849}.Debug|Any CPU.Deploy.0 = Debug|Any CPU
		{64ACCAC6-ECE1-4043-B6A3-0DDB2074E849}.Debug|iPhone.ActiveCfg = Debug|Any CPU
		{64ACCAC6-ECE1-4043-B6A3-0DDB2074E849}.Debug|iPhone.Build.0 = Debug|Any CPU
		{64ACCAC6-ECE1-4043-B6A3-0DDB2074E849}.Debug|iPhone.Deploy.0 = Debug|Any CPU
		{64ACCAC6-ECE1-4043-B6A3-0DDB2074E849}.Debug|iPhoneSimulator.ActiveCfg = Debug|Any CPU
		{64ACCAC6-ECE1-4043-B6A3-0DDB2074E849}.Debug|iPhoneSimulator.Build.0 = Debug|Any CPU
		{64ACCAC6-ECE1-4043-B6A3-0DDB2074E849}.Debug|iPhoneSimulator.Deploy.0 = Debug|Any CPU
		{64ACCAC6-ECE1-4043-B6A3-0DDB2074E849}.Release|Any CPU.ActiveCfg = Release|Any CPU
		{64ACCAC6-ECE1-4043-B6A3-0DDB2074E849}.Release|Any CPU.Build.0 = Release|Any CPU
		{64ACCAC6-ECE1-4043-B6A3-0DDB2074E849}.Release|Any CPU.Deploy.0 = Release|Any CPU
		{64ACCAC6-ECE1-4043-B6A3-0DDB2074E849}.Release|iPhone.ActiveCfg = Release|Any CPU
		{64ACCAC6-ECE1-4043-B6A3-0DDB2074E849}.Release|iPhone.Build.0 = Release|Any CPU
		{64ACCAC6-ECE1-4043-B6A3-0DDB2074E849}.Release|iPhone.Deploy.0 = Release|Any CPU
		{64ACCAC6-ECE1-4043-B6A3-0DDB2074E849}.Release|iPhoneSimulator.ActiveCfg = Release|Any CPU
		{64ACCAC6-ECE1-4043-B6A3-0DDB2074E849}.Release|iPhoneSimulator.Build.0 = Release|Any CPU
		{64ACCAC6-ECE1-4043-B6A3-0DDB2074E849}.Release|iPhoneSimulator.Deploy.0 = Release|Any CPU
	EndGlobalSection
	GlobalSection(SolutionProperties) = preSolution
		HideSolutionNode = FALSE
	EndGlobalSection
	GlobalSection(ExtensibilityGlobals) = postSolution
		SolutionGuid = {F13FB8F3-DFA6-49C0-A8DB-6E1E4F7807EF}
	EndGlobalSection
EndGlobal
