
Microsoft Visual Studio Solution File, Format Version 12.00
# Visual Studio Version 16
VisualStudioVersion = 16.0.30114.105
MinimumVisualStudioVersion = 10.0.40219.1
Project("{FAE04EC0-301F-11D3-BF4B-00C04F79EFBC}") = "Xamarin_Apress.Android", "Xamarin_Apress\Xamarin_Apress.Android\Xamarin_Apress.Android.csproj", "{50C19E47-A9A1-4802-AE6F-19A2FA1FFF42}"
EndProject
Project("{FAE04EC0-301F-11D3-BF4B-00C04F79EFBC}") = "Xamarin_Apress.iOS", "Xamarin_Apress\Xamarin_Apress.iOS\Xamarin_Apress.iOS.csproj", "{85743BD4-07B1-49DF-BC99-7D71A3D0720E}"
EndProject
Project("{9A19103F-16F7-4668-BE54-9A1E7A4F7556}") = "Xamarin_Apress", "Xamarin_Apress\Xamarin_Apress\Xamarin_Apress.csproj", "{64ACCAC6-ECE1-4043-B6A3-0DDB2074E849}"
EndProject
Project("{FAE04EC0-301F-11D3-BF4B-00C04F79EFBC}") = "Xamarin_ControlExamplesAndroid", "Xamarin_ControlExamplesAndroid\Xamarin_ControlExamplesAndroid.csproj", "{F02B91C6-4801-468B-B995-CE263BE7D82A}"
EndProject
Project("{FAE04EC0-301F-11D3-BF4B-00C04F79EFBC}") = "Xamarin_PickerExampleIOS", "Xamarin_PickerExampleIOS\Xamarin_PickerExampleIOS.csproj", "{C437CE8F-400D-4B28-B7AE-7C49DFD5EC02}"
EndProject
Project("{FAE04EC0-301F-11D3-BF4B-00C04F79EFBC}") = "Xamarin_DatePickerExampleIOS", "Xamarin_DatePickerExampleIOS\Xamarin_DatePickerExampleIOS.csproj", "{6246472B-39D2-40DD-94D1-21870ACFD176}"
EndProject
Project("{FAE04EC0-301F-11D3-BF4B-00C04F79EFBC}") = "Xamarin_StepperSliderSwitchIOS", "Xamarin_StepperSliderSwitchIOS\Xamarin_StepperSliderSwitchIOS.csproj", "{0108E6AC-99EF-42F7-9EDD-7742A6426459}"
EndProject
Global
	GlobalSection(SolutionConfigurationPlatforms) = preSolution
		Debug|Any CPU = Debug|Any CPU
		Debug|iPhone = Debug|iPhone
		Debug|iPhoneSimulator = Debug|iPhoneSimulator
		Release|Any CPU = Release|Any CPU
		Release|iPhone = Release|iPhone
		Release|iPhoneSimulator = Release|iPhoneSimulator
	EndGlobalSection
	GlobalSection(ProjectConfigurationPlatforms) = postSolution
		{50C19E47-A9A1-4802-AE6F-19A2FA1FFF42}.Debug|Any CPU.ActiveCfg = Debug|Any CPU
		{50C19E47-A9A1-4802-AE6F-19A2FA1FFF42}.Debug|Any CPU.Build.0 = Debug|Any CPU
		{50C19E47-A9A1-4802-AE6F-19A2FA1FFF42}.Debug|Any CPU.Deploy.0 = Debug|Any CPU
		{50C19E47-A9A1-4802-AE6F-19A2FA1FFF42}.Debug|iPhone.ActiveCfg = Debug|Any CPU
		{50C19E47-A9A1-4802-AE6F-19A2FA1FFF42}.Debug|iPhone.Build.0 = Debug|Any CPU
		{50C19E47-A9A1-4802-AE6F-19A2FA1FFF42}.Debug|iPhone.Deploy.0 = Debug|Any CPU
		{50C19E47-A9A1-4802-AE6F-19A2FA1FFF42}.Debug|iPhoneSimulator.ActiveCfg = Debug|Any CPU
		{50C19E47-A9A1-4802-AE6F-19A2FA1FFF42}.Debug|iPhoneSimulator.Build.0 = Debug|Any CPU
		{50C19E47-A9A1-4802-AE6F-19A2FA1FFF42}.Debug|iPhoneSimulator.Deploy.0 = Debug|Any CPU
		{50C19E47-A9A1-4802-AE6F-19A2FA1FFF42}.Release|Any CPU.ActiveCfg = Release|Any CPU
		{50C19E47-A9A1-4802-AE6F-19A2FA1FFF42}.Release|Any CPU.Build.0 = Release|Any CPU
		{50C19E47-A9A1-4802-AE6F-19A2FA1FFF42}.Release|Any CPU.Deploy.0 = Release|Any CPU
		{50C19E47-A9A1-4802-AE6F-19A2FA1FFF42}.Release|iPhone.ActiveCfg = Release|Any CPU
		{50C19E47-A9A1-4802-AE6F-19A2FA1FFF42}.Release|iPhone.Build.0 = Release|Any CPU
		{50C19E47-A9A1-4802-AE6F-19A2FA1FFF42}.Release|iPhone.Deploy.0 = Release|Any CPU
		{50C19E47-A9A1-4802-AE6F-19A2FA1FFF42}.Release|iPhoneSimulator.ActiveCfg = Release|Any CPU
		{50C19E47-A9A1-4802-AE6F-19A2FA1FFF42}.Release|iPhoneSimulator.Build.0 = Release|Any CPU
		{50C19E47-A9A1-4802-AE6F-19A2FA1FFF42}.Release|iPhoneSimulator.Deploy.0 = Release|Any CPU
		{85743BD4-07B1-49DF-BC99-7D71A3D0720E}.Debug|Any CPU.ActiveCfg = Debug|iPhone
		{85743BD4-07B1-49DF-BC99-7D71A3D0720E}.Debug|Any CPU.Build.0 = Debug|iPhone
		{85743BD4-07B1-49DF-BC99-7D71A3D0720E}.Debug|Any CPU.Deploy.0 = Debug|iPhone
		{85743BD4-07B1-49DF-BC99-7D71A3D0720E}.Debug|iPhone.ActiveCfg = Debug|iPhone
		{85743BD4-07B1-49DF-BC99-7D71A3D0720E}.Debug|iPhone.Build.0 = Debug|iPhone
		{85743BD4-07B1-49DF-BC99-7D71A3D0720E}.Debug|iPhone.Deploy.0 = Debug|iPhone
		{85743BD4-07B1-49DF-BC99-7D71A3D0720E}.Debug|iPhoneSimulator.ActiveCfg = Debug|iPhoneSimulator
		{85743BD4-07B1-49DF-BC99-7D71A3D0720E}.Debug|iPhoneSimulator.Build.0 = Debug|iPhoneSimulator
		{85743BD4-07B1-49DF-BC99-7D71A3D0720E}.Debug|iPhoneSimulator.Deploy.0 = Debug|iPhoneSimulator
		{85743BD4-07B1-49DF-BC99-7D71A3D0720E}.Release|Any CPU.ActiveCfg = Release|iPhone
		{85743BD4-07B1-49DF-BC99-7D71A3D0720E}.Release|Any CPU.Build.0 = Release|iPhone
		{85743BD4-07B1-49DF-BC99-7D71A3D0720E}.Release|Any CPU.Deploy.0 = Release|iPhone
		{85743BD4-07B1-49DF-BC99-7D71A3D0720E}.Release|iPhone.ActiveCfg = Release|iPhone
		{85743BD4-07B1-49DF-BC99-7D71A3D0720E}.Release|iPhone.Build.0 = Release|iPhone
		{85743BD4-07B1-49DF-BC99-7D71A3D0720E}.Release|iPhone.Deploy.0 = Release|iPhone
		{85743BD4-07B1-49DF-BC99-7D71A3D0720E}.Release|iPhoneSimulator.ActiveCfg = Release|iPhoneSimulator
		{85743BD4-07B1-49DF-BC99-7D71A3D0720E}.Release|iPhoneSimulator.Build.0 = Release|iPhoneSimulator
		{85743BD4-07B1-49DF-BC99-7D71A3D0720E}.Release|iPhoneSimulator.Deploy.0 = Release|iPhoneSimulator
		{64ACCAC6-ECE1-4043-B6A3-0DDB2074E849}.Debug|Any CPU.ActiveCfg = Debug|Any CPU
		{64ACCAC6-ECE1-4043-B6A3-0DDB2074E849}.Debug|Any CPU.Build.0 = Debug|Any CPU
		{64ACCAC6-ECE1-4043-B6A3-0DDB2074E849}.Debug|Any CPU.Deploy.0 = Debug|Any CPU
		{64ACCAC6-ECE1-4043-B6A3-0DDB2074E849}.Debug|iPhone.ActiveCfg = Debug|Any CPU
		{64ACCAC6-ECE1-4043-B6A3-0DDB2074E849}.Debug|iPhone.Build.0 = Debug|Any CPU
		{64ACCAC6-ECE1-4043-B6A3-0DDB2074E849}.Debug|iPhone.Deploy.0 = Debug|Any CPU
		{64ACCAC6-ECE1-4043-B6A3-0DDB2074E849}.Debug|iPhoneSimulator.ActiveCfg = Debug|Any CPU
		{64ACCAC6-ECE1-4043-B6A3-0DDB2074E849}.Debug|iPhoneSimulator.Build.0 = Debug|Any CPU
		{64ACCAC6-ECE1-4043-B6A3-0DDB2074E849}.Debug|iPhoneSimulator.Deploy.0 = Debug|Any CPU
		{64ACCAC6-ECE1-4043-B6A3-0DDB2074E849}.Release|Any CPU.ActiveCfg = Release|Any CPU
		{64ACCAC6-ECE1-4043-B6A3-0DDB2074E849}.Release|Any CPU.Build.0 = Release|Any CPU
		{64ACCAC6-ECE1-4043-B6A3-0DDB2074E849}.Release|Any CPU.Deploy.0 = Release|Any CPU
		{64ACCAC6-ECE1-4043-B6A3-0DDB2074E849}.Release|iPhone.ActiveCfg = Release|Any CPU
		{64ACCAC6-ECE1-4043-B6A3-0DDB2074E849}.Release|iPhone.Build.0 = Release|Any CPU
		{64ACCAC6-ECE1-4043-B6A3-0DDB2074E849}.Release|iPhone.Deploy.0 = Release|Any CPU
		{64ACCAC6-ECE1-4043-B6A3-0DDB2074E849}.Release|iPhoneSimulator.ActiveCfg = Release|Any CPU
		{64ACCAC6-ECE1-4043-B6A3-0DDB2074E849}.Release|iPhoneSimulator.Build.0 = Release|Any CPU
		{64ACCAC6-ECE1-4043-B6A3-0DDB2074E849}.Release|iPhoneSimulator.Deploy.0 = Release|Any CPU
		{F02B91C6-4801-468B-B995-CE263BE7D82A}.Debug|Any CPU.ActiveCfg = Debug|Any CPU
		{F02B91C6-4801-468B-B995-CE263BE7D82A}.Debug|Any CPU.Build.0 = Debug|Any CPU
		{F02B91C6-4801-468B-B995-CE263BE7D82A}.Debug|Any CPU.Deploy.0 = Debug|Any CPU
		{F02B91C6-4801-468B-B995-CE263BE7D82A}.Debug|iPhone.ActiveCfg = Debug|Any CPU
		{F02B91C6-4801-468B-B995-CE263BE7D82A}.Debug|iPhone.Build.0 = Debug|Any CPU
		{F02B91C6-4801-468B-B995-CE263BE7D82A}.Debug|iPhone.Deploy.0 = Debug|Any CPU
		{F02B91C6-4801-468B-B995-CE263BE7D82A}.Debug|iPhoneSimulator.ActiveCfg = Debug|Any CPU
		{F02B91C6-4801-468B-B995-CE263BE7D82A}.Debug|iPhoneSimulator.Build.0 = Debug|Any CPU
		{F02B91C6-4801-468B-B995-CE263BE7D82A}.Debug|iPhoneSimulator.Deploy.0 = Debug|Any CPU
		{F02B91C6-4801-468B-B995-CE263BE7D82A}.Release|Any CPU.ActiveCfg = Release|Any CPU
		{F02B91C6-4801-468B-B995-CE263BE7D82A}.Release|Any CPU.Build.0 = Release|Any CPU
		{F02B91C6-4801-468B-B995-CE263BE7D82A}.Release|Any CPU.Deploy.0 = Release|Any CPU
		{F02B91C6-4801-468B-B995-CE263BE7D82A}.Release|iPhone.ActiveCfg = Release|Any CPU
		{F02B91C6-4801-468B-B995-CE263BE7D82A}.Release|iPhone.Build.0 = Release|Any CPU
		{F02B91C6-4801-468B-B995-CE263BE7D82A}.Release|iPhone.Deploy.0 = Release|Any CPU
		{F02B91C6-4801-468B-B995-CE263BE7D82A}.Release|iPhoneSimulator.ActiveCfg = Release|Any CPU
		{F02B91C6-4801-468B-B995-CE263BE7D82A}.Release|iPhoneSimulator.Build.0 = Release|Any CPU
		{F02B91C6-4801-468B-B995-CE263BE7D82A}.Release|iPhoneSimulator.Deploy.0 = Release|Any CPU
		{C437CE8F-400D-4B28-B7AE-7C49DFD5EC02}.Debug|Any CPU.ActiveCfg = Debug|iPhone
		{C437CE8F-400D-4B28-B7AE-7C49DFD5EC02}.Debug|iPhone.ActiveCfg = Debug|iPhone
		{C437CE8F-400D-4B28-B7AE-7C49DFD5EC02}.Debug|iPhone.Build.0 = Debug|iPhone
		{C437CE8F-400D-4B28-B7AE-7C49DFD5EC02}.Debug|iPhoneSimulator.ActiveCfg = Debug|iPhoneSimulator
		{C437CE8F-400D-4B28-B7AE-7C49DFD5EC02}.Debug|iPhoneSimulator.Build.0 = Debug|iPhoneSimulator
		{C437CE8F-400D-4B28-B7AE-7C49DFD5EC02}.Release|Any CPU.ActiveCfg = Release|iPhone
		{C437CE8F-400D-4B28-B7AE-7C49DFD5EC02}.Release|iPhone.ActiveCfg = Release|iPhone
		{C437CE8F-400D-4B28-B7AE-7C49DFD5EC02}.Release|iPhone.Build.0 = Release|iPhone
		{C437CE8F-400D-4B28-B7AE-7C49DFD5EC02}.Release|iPhoneSimulator.ActiveCfg = Release|iPhoneSimulator
		{C437CE8F-400D-4B28-B7AE-7C49DFD5EC02}.Release|iPhoneSimulator.Build.0 = Release|iPhoneSimulator
		{6246472B-39D2-40DD-94D1-21870ACFD176}.Debug|Any CPU.ActiveCfg = Debug|iPhone
		{6246472B-39D2-40DD-94D1-21870ACFD176}.Debug|iPhone.ActiveCfg = Debug|iPhone
		{6246472B-39D2-40DD-94D1-21870ACFD176}.Debug|iPhone.Build.0 = Debug|iPhone
		{6246472B-39D2-40DD-94D1-21870ACFD176}.Debug|iPhoneSimulator.ActiveCfg = Debug|iPhoneSimulator
		{6246472B-39D2-40DD-94D1-21870ACFD176}.Debug|iPhoneSimulator.Build.0 = Debug|iPhoneSimulator
		{6246472B-39D2-40DD-94D1-21870ACFD176}.Release|Any CPU.ActiveCfg = Release|iPhone
		{6246472B-39D2-40DD-94D1-21870ACFD176}.Release|iPhone.ActiveCfg = Release|iPhone
		{6246472B-39D2-40DD-94D1-21870ACFD176}.Release|iPhone.Build.0 = Release|iPhone
		{6246472B-39D2-40DD-94D1-21870ACFD176}.Release|iPhoneSimulator.ActiveCfg = Release|iPhoneSimulator
		{6246472B-39D2-40DD-94D1-21870ACFD176}.Release|iPhoneSimulator.Build.0 = Release|iPhoneSimulator
		{0108E6AC-99EF-42F7-9EDD-7742A6426459}.Debug|Any CPU.ActiveCfg = Debug|iPhone
		{0108E6AC-99EF-42F7-9EDD-7742A6426459}.Debug|iPhone.ActiveCfg = Debug|iPhone
		{0108E6AC-99EF-42F7-9EDD-7742A6426459}.Debug|iPhone.Build.0 = Debug|iPhone
		{0108E6AC-99EF-42F7-9EDD-7742A6426459}.Debug|iPhoneSimulator.ActiveCfg = Debug|iPhoneSimulator
		{0108E6AC-99EF-42F7-9EDD-7742A6426459}.Debug|iPhoneSimulator.Build.0 = Debug|iPhoneSimulator
		{0108E6AC-99EF-42F7-9EDD-7742A6426459}.Release|Any CPU.ActiveCfg = Release|iPhone
		{0108E6AC-99EF-42F7-9EDD-7742A6426459}.Release|iPhone.ActiveCfg = Release|iPhone
		{0108E6AC-99EF-42F7-9EDD-7742A6426459}.Release|iPhone.Build.0 = Release|iPhone
		{0108E6AC-99EF-42F7-9EDD-7742A6426459}.Release|iPhoneSimulator.ActiveCfg = Release|iPhoneSimulator
		{0108E6AC-99EF-42F7-9EDD-7742A6426459}.Release|iPhoneSimulator.Build.0 = Release|iPhoneSimulator
	EndGlobalSection
	GlobalSection(SolutionProperties) = preSolution
		HideSolutionNode = FALSE
	EndGlobalSection
	GlobalSection(ExtensibilityGlobals) = postSolution
		SolutionGuid = {F13FB8F3-DFA6-49C0-A8DB-6E1E4F7807EF}
	EndGlobalSection
EndGlobal
